
Microsoft Visual Studio Solution File, Format Version 12.00
# Visual Studio Version 17
VisualStudioVersion = 17.14.37328.6
MinimumVisualStudioVersion = 10.0.40219.1
Project("{FAE04EC0-301F-11D3-BF4B-00C04F79EFBC}") = "KMC.EventClient", "KMC.EventClient\KMC.EventClient.csproj", "{2AE65400-B06B-42E3-A583-21DCA81727FB}"
EndProject
Project("{FAE04EC0-301F-11D3-BF4B-00C04F79EFBC}") = "KMC.EventPlatformAPI", "KMC.EventPlatformAPI\KMC.EventPlatformAPI.csproj", "{5C27BD5D-8A40-0F78-8006-394F14C86F66}"
EndProject
Global
	GlobalSection(SolutionConfigurationPlatforms) = preSolution
		Debug|Any CPU = Debug|Any CPU
		Release|Any CPU = Release|Any CPU
	EndGlobalSection
	GlobalSection(ProjectConfigurationPlatforms) = postSolution
		{2AE65400-B06B-42E3-A583-21DCA81727FB}.Debug|Any CPU.ActiveCfg = Debug|Any CPU
		{2AE65400-B06B-42E3-A583-21DCA81727FB}.Debug|Any CPU.Build.0 = Debug|Any CPU
		{2AE65400-B06B-42E3-A583-21DCA81727FB}.Release|Any CPU.ActiveCfg = Release|Any CPU
		{2AE65400-B06B-42E3-A583-21DCA81727FB}.Release|Any CPU.Build.0 = Release|Any CPU
		{5C27BD5D-8A40-0F78-8006-394F14C86F66}.Debug|Any CPU.ActiveCfg = Debug|Any CPU
		{5C27BD5D-8A40-0F78-8006-394F14C86F66}.Debug|Any CPU.Build.0 = Debug|Any CPU
		{5C27BD5D-8A40-0F78-8006-394F14C86F66}.Release|Any CPU.ActiveCfg = Release|Any CPU
		{5C27BD5D-8A40-0F78-8006-394F14C86F66}.Release|Any CPU.Build.0 = Release|Any CPU
	EndGlobalSection
	GlobalSection(SolutionProperties) = preSolution
		HideSolutionNode = FALSE
	EndGlobalSection
	GlobalSection(ExtensibilityGlobals) = postSolution
		SolutionGuid = {1084F542-339F-4FE2-BA1C-4AD7042915BD}
	EndGlobalSection
EndGlobal
